// !$*UTF8*$!
{
	archiveVersion = 1;
	classes = {
	};
	objectVersion = 46;
	objects = {

/* Begin PBXBuildFile section */
		F8D418CD1425E62500F0AA4D /* UIKit.framework in Frameworks */ = {isa = PBXBuildFile; fileRef = F8D418CC1425E62500F0AA4D /* UIKit.framework */; };
		F8D418CF1425E62500F0AA4D /* Foundation.framework in Frameworks */ = {isa = PBXBuildFile; fileRef = F8D418CE1425E62500F0AA4D /* Foundation.framework */; };
		F8D418D11425E62500F0AA4D /* CoreGraphics.framework in Frameworks */ = {isa = PBXBuildFile; fileRef = F8D418D01425E62500F0AA4D /* CoreGraphics.framework */; };
		F8D418D71425E62500F0AA4D /* InfoPlist.strings in Resources */ = {isa = PBXBuildFile; fileRef = F8D418D51425E62500F0AA4D /* InfoPlist.strings */; };
		F8D418D91425E62500F0AA4D /* main.m in Sources */ = {isa = PBXBuildFile; fileRef = F8D418D81425E62500F0AA4D /* main.m */; };
		F8D418DD1425E62500F0AA4D /* AcornChartsDemoAppDelegate.m in Sources */ = {isa = PBXBuildFile; fileRef = F8D418DC1425E62500F0AA4D /* AcornChartsDemoAppDelegate.m */; };
		F8D418E11425E62500F0AA4D /* AcornChartsDemoAppDelegate_iPhone.m in Sources */ = {isa = PBXBuildFile; fileRef = F8D418E01425E62500F0AA4D /* AcornChartsDemoAppDelegate_iPhone.m */; };
		F8D418E41425E62500F0AA4D /* MainWindow_iPhone.xib in Resources */ = {isa = PBXBuildFile; fileRef = F8D418E21425E62500F0AA4D /* MainWindow_iPhone.xib */; };
		F8D418E81425E62500F0AA4D /* AcornChartsDemoAppDelegate_iPad.m in Sources */ = {isa = PBXBuildFile; fileRef = F8D418E71425E62500F0AA4D /* AcornChartsDemoAppDelegate_iPad.m */; };
		F8D418EB1425E62500F0AA4D /* MainWindow_iPad.xib in Resources */ = {isa = PBXBuildFile; fileRef = F8D418E91425E62500F0AA4D /* MainWindow_iPad.xib */; };
		F8D4190F1425E6B800F0AA4D /* chipmunk.c in Sources */ = {isa = PBXBuildFile; fileRef = F8D418F21425E6B800F0AA4D /* chipmunk.c */; };
		F8D419101425E6B800F0AA4D /* CMakeLists.txt in Resources */ = {isa = PBXBuildFile; fileRef = F8D418F31425E6B800F0AA4D /* CMakeLists.txt */; };
		F8D419111425E6B800F0AA4D /* cpConstraint.c in Sources */ = {isa = PBXBuildFile; fileRef = F8D418F51425E6B800F0AA4D /* cpConstraint.c */; };
		F8D419121425E6B800F0AA4D /* cpDampedRotarySpring.c in Sources */ = {isa = PBXBuildFile; fileRef = F8D418F61425E6B800F0AA4D /* cpDampedRotarySpring.c */; };
		F8D419131425E6B800F0AA4D /* cpDampedSpring.c in Sources */ = {isa = PBXBuildFile; fileRef = F8D418F71425E6B800F0AA4D /* cpDampedSpring.c */; };
		F8D419141425E6B800F0AA4D /* cpGearJoint.c in Sources */ = {isa = PBXBuildFile; fileRef = F8D418F81425E6B800F0AA4D /* cpGearJoint.c */; };
		F8D419151425E6B800F0AA4D /* cpGrooveJoint.c in Sources */ = {isa = PBXBuildFile; fileRef = F8D418F91425E6B800F0AA4D /* cpGrooveJoint.c */; };
		F8D419161425E6B800F0AA4D /* cpPinJoint.c in Sources */ = {isa = PBXBuildFile; fileRef = F8D418FA1425E6B800F0AA4D /* cpPinJoint.c */; };
		F8D419171425E6B800F0AA4D /* cpPivotJoint.c in Sources */ = {isa = PBXBuildFile; fileRef = F8D418FB1425E6B800F0AA4D /* cpPivotJoint.c */; };
		F8D419181425E6B800F0AA4D /* cpRatchetJoint.c in Sources */ = {isa = PBXBuildFile; fileRef = F8D418FC1425E6B800F0AA4D /* cpRatchetJoint.c */; };
		F8D419191425E6B800F0AA4D /* cpRotaryLimitJoint.c in Sources */ = {isa = PBXBuildFile; fileRef = F8D418FD1425E6B800F0AA4D /* cpRotaryLimitJoint.c */; };
		F8D4191A1425E6B800F0AA4D /* cpSimpleMotor.c in Sources */ = {isa = PBXBuildFile; fileRef = F8D418FE1425E6B800F0AA4D /* cpSimpleMotor.c */; };
		F8D4191B1425E6B800F0AA4D /* cpSlideJoint.c in Sources */ = {isa = PBXBuildFile; fileRef = F8D418FF1425E6B800F0AA4D /* cpSlideJoint.c */; };
		F8D4191C1425E6B800F0AA4D /* cpArbiter.c in Sources */ = {isa = PBXBuildFile; fileRef = F8D419001425E6B800F0AA4D /* cpArbiter.c */; };
		F8D4191D1425E6B800F0AA4D /* cpArray.c in Sources */ = {isa = PBXBuildFile; fileRef = F8D419011425E6B800F0AA4D /* cpArray.c */; };
		F8D4191E1425E6B800F0AA4D /* cpBB.c in Sources */ = {isa = PBXBuildFile; fileRef = F8D419021425E6B800F0AA4D /* cpBB.c */; };
		F8D4191F1425E6B800F0AA4D /* cpBody.c in Sources */ = {isa = PBXBuildFile; fileRef = F8D419031425E6B800F0AA4D /* cpBody.c */; };
		F8D419201425E6B800F0AA4D /* cpCollision.c in Sources */ = {isa = PBXBuildFile; fileRef = F8D419041425E6B800F0AA4D /* cpCollision.c */; };
		F8D419211425E6B800F0AA4D /* cpHashSet.c in Sources */ = {isa = PBXBuildFile; fileRef = F8D419051425E6B800F0AA4D /* cpHashSet.c */; };
		F8D419221425E6B800F0AA4D /* cpPolyShape.c in Sources */ = {isa = PBXBuildFile; fileRef = F8D419061425E6B800F0AA4D /* cpPolyShape.c */; };
		F8D419231425E6B800F0AA4D /* cpShape.c in Sources */ = {isa = PBXBuildFile; fileRef = F8D419071425E6B800F0AA4D /* cpShape.c */; };
		F8D419241425E6B800F0AA4D /* cpSpace.c in Sources */ = {isa = PBXBuildFile; fileRef = F8D419081425E6B800F0AA4D /* cpSpace.c */; };
		F8D419251425E6B800F0AA4D /* cpSpaceComponent.c in Sources */ = {isa = PBXBuildFile; fileRef = F8D419091425E6B800F0AA4D /* cpSpaceComponent.c */; };
		F8D419261425E6B800F0AA4D /* cpSpaceHash.c in Sources */ = {isa = PBXBuildFile; fileRef = F8D4190A1425E6B800F0AA4D /* cpSpaceHash.c */; };
		F8D419271425E6B800F0AA4D /* cpSpaceQuery.c in Sources */ = {isa = PBXBuildFile; fileRef = F8D4190B1425E6B800F0AA4D /* cpSpaceQuery.c */; };
		F8D419281425E6B800F0AA4D /* cpSpaceStep.c in Sources */ = {isa = PBXBuildFile; fileRef = F8D4190C1425E6B800F0AA4D /* cpSpaceStep.c */; };
		F8D419291425E6B800F0AA4D /* cpVect.c in Sources */ = {isa = PBXBuildFile; fileRef = F8D4190D1425E6B800F0AA4D /* cpVect.c */; };
		F8D4192B1425E6D600F0AA4D /* QuartzCore.framework in Frameworks */ = {isa = PBXBuildFile; fileRef = F8D4192A1425E6D600F0AA4D /* QuartzCore.framework */; };
		F8FF788A1425EA9A00669917 /* AcornBaseView.m in Sources */ = {isa = PBXBuildFile; fileRef = F8FF78891425EA9A00669917 /* AcornBaseView.m */; };
		F8FF78901425ECCD00669917 /* CoreMotion.framework in Frameworks */ = {isa = PBXBuildFile; fileRef = F8FF788F1425ECCD00669917 /* CoreMotion.framework */; };
		F8FF78941425EDDA00669917 /* ChartListViewController.m in Sources */ = {isa = PBXBuildFile; fileRef = F8FF78931425EDDA00669917 /* ChartListViewController.m */; };
		F8FF78971425EDF900669917 /* BallSizeChartViewController.m in Sources */ = {isa = PBXBuildFile; fileRef = F8FF78961425EDF900669917 /* BallSizeChartViewController.m */; };
		F8FF78A01425EF0600669917 /* Helvetica.dfont in Resources */ = {isa = PBXBuildFile; fileRef = F8FF78991425EF0600669917 /* Helvetica.dfont */; };
		F8FF78A11425EF0600669917 /* HelveticaCY.dfont in Resources */ = {isa = PBXBuildFile; fileRef = F8FF789A1425EF0600669917 /* HelveticaCY.dfont */; };
		F8FF78A21425EF0600669917 /* HelveticaNeue.dfont in Resources */ = {isa = PBXBuildFile; fileRef = F8FF789B1425EF0600669917 /* HelveticaNeue.dfont */; };
		F8FF78A31425EF0600669917 /* HelveticaNeue.ttc in Resources */ = {isa = PBXBuildFile; fileRef = F8FF789C1425EF0600669917 /* HelveticaNeue.ttc */; };
		F8FF78A41425EF0600669917 /* League Gothic in Resources */ = {isa = PBXBuildFile; fileRef = F8FF789D1425EF0600669917 /* League Gothic */; };
		F8FF78A51425EF0600669917 /* League Gothic.otf in Resources */ = {isa = PBXBuildFile; fileRef = F8FF789E1425EF0600669917 /* League Gothic.otf */; };
		F8FF78A61425EF0600669917 /* LeaguGot in Resources */ = {isa = PBXBuildFile; fileRef = F8FF789F1425EF0600669917 /* LeaguGot */; };
		F8FF78A91425EF6200669917 /* AcornBallSizeChartView.m in Sources */ = {isa = PBXBuildFile; fileRef = F8FF78A81425EF6200669917 /* AcornBallSizeChartView.m */; };
		F8FF78AC1425F25000669917 /* AcornBallCountChartView.m in Sources */ = {isa = PBXBuildFile; fileRef = F8FF78AB1425F25000669917 /* AcornBallCountChartView.m */; };
		F8FF78AF1425F2AD00669917 /* BallCountChartViewController.m in Sources */ = {isa = PBXBuildFile; fileRef = F8FF78AE1425F2AD00669917 /* BallCountChartViewController.m */; };
/* End PBXBuildFile section */

/* Begin PBXFileReference section */
		F8D418C81425E62500F0AA4D /* AcornChartsDemo.app */ = {isa = PBXFileReference; explicitFileType = wrapper.application; includeInIndex = 0; path = AcornChartsDemo.app; sourceTree = BUILT_PRODUCTS_DIR; };
		F8D418CC1425E62500F0AA4D /* UIKit.framework */ = {isa = PBXFileReference; lastKnownFileType = wrapper.framework; name = UIKit.framework; path = System/Library/Frameworks/UIKit.framework; sourceTree = SDKROOT; };
		F8D418CE1425E62500F0AA4D /* Foundation.framework */ = {isa = PBXFileReference; lastKnownFileType = wrapper.framework; name = Foundation.framework; path = System/Library/Frameworks/Foundation.framework; sourceTree = SDKROOT; };
		F8D418D01425E62500F0AA4D /* CoreGraphics.framework */ = {isa = PBXFileReference; lastKnownFileType = wrapper.framework; name = CoreGraphics.framework; path = System/Library/Frameworks/CoreGraphics.framework; sourceTree = SDKROOT; };
		F8D418D41425E62500F0AA4D /* AcornChartsDemo-Info.plist */ = {isa = PBXFileReference; lastKnownFileType = text.plist.xml; path = "AcornChartsDemo-Info.plist"; sourceTree = "<group>"; };
		F8D418D61425E62500F0AA4D /* en */ = {isa = PBXFileReference; lastKnownFileType = text.plist.strings; name = en; path = en.lproj/InfoPlist.strings; sourceTree = "<group>"; };
		F8D418D81425E62500F0AA4D /* main.m */ = {isa = PBXFileReference; lastKnownFileType = sourcecode.c.objc; path = main.m; sourceTree = "<group>"; };
		F8D418DA1425E62500F0AA4D /* AcornChartsDemo-Prefix.pch */ = {isa = PBXFileReference; lastKnownFileType = sourcecode.c.h; path = "AcornChartsDemo-Prefix.pch"; sourceTree = "<group>"; };
		F8D418DB1425E62500F0AA4D /* AcornChartsDemoAppDelegate.h */ = {isa = PBXFileReference; lastKnownFileType = sourcecode.c.h; path = AcornChartsDemoAppDelegate.h; sourceTree = "<group>"; };
		F8D418DC1425E62500F0AA4D /* AcornChartsDemoAppDelegate.m */ = {isa = PBXFileReference; lastKnownFileType = sourcecode.c.objc; path = AcornChartsDemoAppDelegate.m; sourceTree = "<group>"; };
		F8D418DF1425E62500F0AA4D /* AcornChartsDemoAppDelegate_iPhone.h */ = {isa = PBXFileReference; lastKnownFileType = sourcecode.c.h; name = AcornChartsDemoAppDelegate_iPhone.h; path = iPhone/AcornChartsDemoAppDelegate_iPhone.h; sourceTree = "<group>"; };
		F8D418E01425E62500F0AA4D /* AcornChartsDemoAppDelegate_iPhone.m */ = {isa = PBXFileReference; lastKnownFileType = sourcecode.c.objc; name = AcornChartsDemoAppDelegate_iPhone.m; path = iPhone/AcornChartsDemoAppDelegate_iPhone.m; sourceTree = "<group>"; };
		F8D418E31425E62500F0AA4D /* en */ = {isa = PBXFileReference; lastKnownFileType = file.xib; name = en; path = iPhone/en.lproj/MainWindow_iPhone.xib; sourceTree = "<group>"; };
		F8D418E61425E62500F0AA4D /* AcornChartsDemoAppDelegate_iPad.h */ = {isa = PBXFileReference; lastKnownFileType = sourcecode.c.h; name = AcornChartsDemoAppDelegate_iPad.h; path = iPad/AcornChartsDemoAppDelegate_iPad.h; sourceTree = "<group>"; };
		F8D418E71425E62500F0AA4D /* AcornChartsDemoAppDelegate_iPad.m */ = {isa = PBXFileReference; lastKnownFileType = sourcecode.c.objc; name = AcornChartsDemoAppDelegate_iPad.m; path = iPad/AcornChartsDemoAppDelegate_iPad.m; sourceTree = "<group>"; };
		F8D418EA1425E62500F0AA4D /* en */ = {isa = PBXFileReference; lastKnownFileType = file.xib; name = en; path = iPad/en.lproj/MainWindow_iPad.xib; sourceTree = "<group>"; };
		F8D418F21425E6B800F0AA4D /* chipmunk.c */ = {isa = PBXFileReference; fileEncoding = 4; lastKnownFileType = sourcecode.c.c; path = chipmunk.c; sourceTree = "<group>"; };
		F8D418F31425E6B800F0AA4D /* CMakeLists.txt */ = {isa = PBXFileReference; fileEncoding = 4; lastKnownFileType = text; path = CMakeLists.txt; sourceTree = "<group>"; };
		F8D418F51425E6B800F0AA4D /* cpConstraint.c */ = {isa = PBXFileReference; fileEncoding = 4; lastKnownFileType = sourcecode.c.c; path = cpConstraint.c; sourceTree = "<group>"; };
		F8D418F61425E6B800F0AA4D /* cpDampedRotarySpring.c */ = {isa = PBXFileReference; fileEncoding = 4; lastKnownFileType = sourcecode.c.c; path = cpDampedRotarySpring.c; sourceTree = "<group>"; };
		F8D418F71425E6B800F0AA4D /* cpDampedSpring.c */ = {isa = PBXFileReference; fileEncoding = 4; lastKnownFileType = sourcecode.c.c; path = cpDampedSpring.c; sourceTree = "<group>"; };
		F8D418F81425E6B800F0AA4D /* cpGearJoint.c */ = {isa = PBXFileReference; fileEncoding = 4; lastKnownFileType = sourcecode.c.c; path = cpGearJoint.c; sourceTree = "<group>"; };
		F8D418F91425E6B800F0AA4D /* cpGrooveJoint.c */ = {isa = PBXFileReference; fileEncoding = 4; lastKnownFileType = sourcecode.c.c; path = cpGrooveJoint.c; sourceTree = "<group>"; };
		F8D418FA1425E6B800F0AA4D /* cpPinJoint.c */ = {isa = PBXFileReference; fileEncoding = 4; lastKnownFileType = sourcecode.c.c; path = cpPinJoint.c; sourceTree = "<group>"; };
		F8D418FB1425E6B800F0AA4D /* cpPivotJoint.c */ = {isa = PBXFileReference; fileEncoding = 4; lastKnownFileType = sourcecode.c.c; path = cpPivotJoint.c; sourceTree = "<group>"; };
		F8D418FC1425E6B800F0AA4D /* cpRatchetJoint.c */ = {isa = PBXFileReference; fileEncoding = 4; lastKnownFileType = sourcecode.c.c; path = cpRatchetJoint.c; sourceTree = "<group>"; };
		F8D418FD1425E6B800F0AA4D /* cpRotaryLimitJoint.c */ = {isa = PBXFileReference; fileEncoding = 4; lastKnownFileType = sourcecode.c.c; path = cpRotaryLimitJoint.c; sourceTree = "<group>"; };
		F8D418FE1425E6B800F0AA4D /* cpSimpleMotor.c */ = {isa = PBXFileReference; fileEncoding = 4; lastKnownFileType = sourcecode.c.c; path = cpSimpleMotor.c; sourceTree = "<group>"; };
		F8D418FF1425E6B800F0AA4D /* cpSlideJoint.c */ = {isa = PBXFileReference; fileEncoding = 4; lastKnownFileType = sourcecode.c.c; path = cpSlideJoint.c; sourceTree = "<group>"; };
		F8D419001425E6B800F0AA4D /* cpArbiter.c */ = {isa = PBXFileReference; fileEncoding = 4; lastKnownFileType = sourcecode.c.c; path = cpArbiter.c; sourceTree = "<group>"; };
		F8D419011425E6B800F0AA4D /* cpArray.c */ = {isa = PBXFileReference; fileEncoding = 4; lastKnownFileType = sourcecode.c.c; path = cpArray.c; sourceTree = "<group>"; };
		F8D419021425E6B800F0AA4D /* cpBB.c */ = {isa = PBXFileReference; fileEncoding = 4; lastKnownFileType = sourcecode.c.c; path = cpBB.c; sourceTree = "<group>"; };
		F8D419031425E6B800F0AA4D /* cpBody.c */ = {isa = PBXFileReference; fileEncoding = 4; lastKnownFileType = sourcecode.c.c; path = cpBody.c; sourceTree = "<group>"; };
		F8D419041425E6B800F0AA4D /* cpCollision.c */ = {isa = PBXFileReference; fileEncoding = 4; lastKnownFileType = sourcecode.c.c; path = cpCollision.c; sourceTree = "<group>"; };
		F8D419051425E6B800F0AA4D /* cpHashSet.c */ = {isa = PBXFileReference; fileEncoding = 4; lastKnownFileType = sourcecode.c.c; path = cpHashSet.c; sourceTree = "<group>"; };
		F8D419061425E6B800F0AA4D /* cpPolyShape.c */ = {isa = PBXFileReference; fileEncoding = 4; lastKnownFileType = sourcecode.c.c; path = cpPolyShape.c; sourceTree = "<group>"; };
		F8D419071425E6B800F0AA4D /* cpShape.c */ = {isa = PBXFileReference; fileEncoding = 4; lastKnownFileType = sourcecode.c.c; path = cpShape.c; sourceTree = "<group>"; };
		F8D419081425E6B800F0AA4D /* cpSpace.c */ = {isa = PBXFileReference; fileEncoding = 4; lastKnownFileType = sourcecode.c.c; path = cpSpace.c; sourceTree = "<group>"; };
		F8D419091425E6B800F0AA4D /* cpSpaceComponent.c */ = {isa = PBXFileReference; fileEncoding = 4; lastKnownFileType = sourcecode.c.c; path = cpSpaceComponent.c; sourceTree = "<group>"; };
		F8D4190A1425E6B800F0AA4D /* cpSpaceHash.c */ = {isa = PBXFileReference; fileEncoding = 4; lastKnownFileType = sourcecode.c.c; path = cpSpaceHash.c; sourceTree = "<group>"; };
		F8D4190B1425E6B800F0AA4D /* cpSpaceQuery.c */ = {isa = PBXFileReference; fileEncoding = 4; lastKnownFileType = sourcecode.c.c; path = cpSpaceQuery.c; sourceTree = "<group>"; };
		F8D4190C1425E6B800F0AA4D /* cpSpaceStep.c */ = {isa = PBXFileReference; fileEncoding = 4; lastKnownFileType = sourcecode.c.c; path = cpSpaceStep.c; sourceTree = "<group>"; };
		F8D4190D1425E6B800F0AA4D /* cpVect.c */ = {isa = PBXFileReference; fileEncoding = 4; lastKnownFileType = sourcecode.c.c; path = cpVect.c; sourceTree = "<group>"; };
		F8D4190E1425E6B800F0AA4D /* prime.h */ = {isa = PBXFileReference; fileEncoding = 4; lastKnownFileType = sourcecode.c.h; path = prime.h; sourceTree = "<group>"; };
		F8D4192A1425E6D600F0AA4D /* QuartzCore.framework */ = {isa = PBXFileReference; lastKnownFileType = wrapper.framework; name = QuartzCore.framework; path = System/Library/Frameworks/QuartzCore.framework; sourceTree = SDKROOT; };
		F8F404E21425E7D7008FB30F /* chipmunk.h */ = {isa = PBXFileReference; fileEncoding = 4; lastKnownFileType = sourcecode.c.h; path = chipmunk.h; sourceTree = "<group>"; };
		F8F404E31425E7D7008FB30F /* chipmunk_ffi.h */ = {isa = PBXFileReference; fileEncoding = 4; lastKnownFileType = sourcecode.c.h; path = chipmunk_ffi.h; sourceTree = "<group>"; };
		F8F404E41425E7D7008FB30F /* chipmunk_private.h */ = {isa = PBXFileReference; fileEncoding = 4; lastKnownFileType = sourcecode.c.h; path = chipmunk_private.h; sourceTree = "<group>"; };
		F8F404E51425E7D7008FB30F /* chipmunk_types.h */ = {isa = PBXFileReference; fileEncoding = 4; lastKnownFileType = sourcecode.c.h; path = chipmunk_types.h; sourceTree = "<group>"; };
		F8F404E61425E7D7008FB30F /* chipmunk_unsafe.h */ = {isa = PBXFileReference; fileEncoding = 4; lastKnownFileType = sourcecode.c.h; path = chipmunk_unsafe.h; sourceTree = "<group>"; };
		F8F404E81425E7D7008FB30F /* cpConstraint.h */ = {isa = PBXFileReference; fileEncoding = 4; lastKnownFileType = sourcecode.c.h; path = cpConstraint.h; sourceTree = "<group>"; };
		F8F404E91425E7D7008FB30F /* cpDampedRotarySpring.h */ = {isa = PBXFileReference; fileEncoding = 4; lastKnownFileType = sourcecode.c.h; path = cpDampedRotarySpring.h; sourceTree = "<group>"; };
		F8F404EA1425E7D7008FB30F /* cpDampedSpring.h */ = {isa = PBXFileReference; fileEncoding = 4; lastKnownFileType = sourcecode.c.h; path = cpDampedSpring.h; sourceTree = "<group>"; };
		F8F404EB1425E7D7008FB30F /* cpGearJoint.h */ = {isa = PBXFileReference; fileEncoding = 4; lastKnownFileType = sourcecode.c.h; path = cpGearJoint.h; sourceTree = "<group>"; };
		F8F404EC1425E7D7008FB30F /* cpGrooveJoint.h */ = {isa = PBXFileReference; fileEncoding = 4; lastKnownFileType = sourcecode.c.h; path = cpGrooveJoint.h; sourceTree = "<group>"; };
		F8F404ED1425E7D7008FB30F /* cpPinJoint.h */ = {isa = PBXFileReference; fileEncoding = 4; lastKnownFileType = sourcecode.c.h; path = cpPinJoint.h; sourceTree = "<group>"; };
		F8F404EE1425E7D7008FB30F /* cpPivotJoint.h */ = {isa = PBXFileReference; fileEncoding = 4; lastKnownFileType = sourcecode.c.h; path = cpPivotJoint.h; sourceTree = "<group>"; };
		F8F404EF1425E7D7008FB30F /* cpRatchetJoint.h */ = {isa = PBXFileReference; fileEncoding = 4; lastKnownFileType = sourcecode.c.h; path = cpRatchetJoint.h; sourceTree = "<group>"; };
		F8F404F01425E7D7008FB30F /* cpRotaryLimitJoint.h */ = {isa = PBXFileReference; fileEncoding = 4; lastKnownFileType = sourcecode.c.h; path = cpRotaryLimitJoint.h; sourceTree = "<group>"; };
		F8F404F11425E7D7008FB30F /* cpSimpleMotor.h */ = {isa = PBXFileReference; fileEncoding = 4; lastKnownFileType = sourcecode.c.h; path = cpSimpleMotor.h; sourceTree = "<group>"; };
		F8F404F21425E7D7008FB30F /* cpSlideJoint.h */ = {isa = PBXFileReference; fileEncoding = 4; lastKnownFileType = sourcecode.c.h; path = cpSlideJoint.h; sourceTree = "<group>"; };
		F8F404F31425E7D7008FB30F /* util.h */ = {isa = PBXFileReference; fileEncoding = 4; lastKnownFileType = sourcecode.c.h; path = util.h; sourceTree = "<group>"; };
		F8F404F41425E7D7008FB30F /* cpArbiter.h */ = {isa = PBXFileReference; fileEncoding = 4; lastKnownFileType = sourcecode.c.h; path = cpArbiter.h; sourceTree = "<group>"; };
		F8F404F51425E7D7008FB30F /* cpArray.h */ = {isa = PBXFileReference; fileEncoding = 4; lastKnownFileType = sourcecode.c.h; path = cpArray.h; sourceTree = "<group>"; };
		F8F404F61425E7D7008FB30F /* cpBB.h */ = {isa = PBXFileReference; fileEncoding = 4; lastKnownFileType = sourcecode.c.h; path = cpBB.h; sourceTree = "<group>"; };
		F8F404F71425E7D7008FB30F /* cpBody.h */ = {isa = PBXFileReference; fileEncoding = 4; lastKnownFileType = sourcecode.c.h; path = cpBody.h; sourceTree = "<group>"; };
		F8F404F81425E7D7008FB30F /* cpCollision.h */ = {isa = PBXFileReference; fileEncoding = 4; lastKnownFileType = sourcecode.c.h; path = cpCollision.h; sourceTree = "<group>"; };
		F8F404F91425E7D7008FB30F /* cpHashSet.h */ = {isa = PBXFileReference; fileEncoding = 4; lastKnownFileType = sourcecode.c.h; path = cpHashSet.h; sourceTree = "<group>"; };
		F8F404FA1425E7D7008FB30F /* cpPolyShape.h */ = {isa = PBXFileReference; fileEncoding = 4; lastKnownFileType = sourcecode.c.h; path = cpPolyShape.h; sourceTree = "<group>"; };
		F8F404FB1425E7D7008FB30F /* cpShape.h */ = {isa = PBXFileReference; fileEncoding = 4; lastKnownFileType = sourcecode.c.h; path = cpShape.h; sourceTree = "<group>"; };
		F8F404FC1425E7D7008FB30F /* cpSpace.h */ = {isa = PBXFileReference; fileEncoding = 4; lastKnownFileType = sourcecode.c.h; path = cpSpace.h; sourceTree = "<group>"; };
		F8F404FD1425E7D7008FB30F /* cpSpaceHash.h */ = {isa = PBXFileReference; fileEncoding = 4; lastKnownFileType = sourcecode.c.h; path = cpSpaceHash.h; sourceTree = "<group>"; };
		F8F404FE1425E7D7008FB30F /* cpVect.h */ = {isa = PBXFileReference; fileEncoding = 4; lastKnownFileType = sourcecode.c.h; path = cpVect.h; sourceTree = "<group>"; };
		F8FF78881425EA9A00669917 /* AcornBaseView.h */ = {isa = PBXFileReference; fileEncoding = 4; lastKnownFileType = sourcecode.c.h; path = AcornBaseView.h; sourceTree = "<group>"; };
		F8FF78891425EA9A00669917 /* AcornBaseView.m */ = {isa = PBXFileReference; fileEncoding = 4; lastKnownFileType = sourcecode.c.objc; path = AcornBaseView.m; sourceTree = "<group>"; };
		F8FF788F1425ECCD00669917 /* CoreMotion.framework */ = {isa = PBXFileReference; lastKnownFileType = wrapper.framework; name = CoreMotion.framework; path = System/Library/Frameworks/CoreMotion.framework; sourceTree = SDKROOT; };
		F8FF78921425EDDA00669917 /* ChartListViewController.h */ = {isa = PBXFileReference; fileEncoding = 4; lastKnownFileType = sourcecode.c.h; path = ChartListViewController.h; sourceTree = "<group>"; };
		F8FF78931425EDDA00669917 /* ChartListViewController.m */ = {isa = PBXFileReference; fileEncoding = 4; lastKnownFileType = sourcecode.c.objc; path = ChartListViewController.m; sourceTree = "<group>"; };
		F8FF78951425EDF900669917 /* BallSizeChartViewController.h */ = {isa = PBXFileReference; fileEncoding = 4; lastKnownFileType = sourcecode.c.h; path = BallSizeChartViewController.h; sourceTree = "<group>"; };
		F8FF78961425EDF900669917 /* BallSizeChartViewController.m */ = {isa = PBXFileReference; fileEncoding = 4; lastKnownFileType = sourcecode.c.objc; path = BallSizeChartViewController.m; sourceTree = "<group>"; };
		F8FF78991425EF0600669917 /* Helvetica.dfont */ = {isa = PBXFileReference; lastKnownFileType = file; path = Helvetica.dfont; sourceTree = "<group>"; };
		F8FF789A1425EF0600669917 /* HelveticaCY.dfont */ = {isa = PBXFileReference; lastKnownFileType = file; path = HelveticaCY.dfont; sourceTree = "<group>"; };
		F8FF789B1425EF0600669917 /* HelveticaNeue.dfont */ = {isa = PBXFileReference; lastKnownFileType = file; path = HelveticaNeue.dfont; sourceTree = "<group>"; };
		F8FF789C1425EF0600669917 /* HelveticaNeue.ttc */ = {isa = PBXFileReference; lastKnownFileType = file; path = HelveticaNeue.ttc; sourceTree = "<group>"; };
		F8FF789D1425EF0600669917 /* League Gothic */ = {isa = PBXFileReference; fileEncoding = 4; lastKnownFileType = text; path = "League Gothic"; sourceTree = "<group>"; };
		F8FF789E1425EF0600669917 /* League Gothic.otf */ = {isa = PBXFileReference; lastKnownFileType = file; path = "League Gothic.otf"; sourceTree = "<group>"; };
		F8FF789F1425EF0600669917 /* LeaguGot */ = {isa = PBXFileReference; fileEncoding = 4; lastKnownFileType = text; path = LeaguGot; sourceTree = "<group>"; };
		F8FF78A71425EF6200669917 /* AcornBallSizeChartView.h */ = {isa = PBXFileReference; fileEncoding = 4; lastKnownFileType = sourcecode.c.h; path = AcornBallSizeChartView.h; sourceTree = "<group>"; };
		F8FF78A81425EF6200669917 /* AcornBallSizeChartView.m */ = {isa = PBXFileReference; fileEncoding = 4; lastKnownFileType = sourcecode.c.objc; path = AcornBallSizeChartView.m; sourceTree = "<group>"; };
		F8FF78AA1425F25000669917 /* AcornBallCountChartView.h */ = {isa = PBXFileReference; fileEncoding = 4; lastKnownFileType = sourcecode.c.h; path = AcornBallCountChartView.h; sourceTree = "<group>"; };
		F8FF78AB1425F25000669917 /* AcornBallCountChartView.m */ = {isa = PBXFileReference; fileEncoding = 4; lastKnownFileType = sourcecode.c.objc; path = AcornBallCountChartView.m; sourceTree = "<group>"; };
		F8FF78AD1425F2AD00669917 /* BallCountChartViewController.h */ = {isa = PBXFileReference; fileEncoding = 4; lastKnownFileType = sourcecode.c.h; path = BallCountChartViewController.h; sourceTree = "<group>"; };
		F8FF78AE1425F2AD00669917 /* BallCountChartViewController.m */ = {isa = PBXFileReference; fileEncoding = 4; lastKnownFileType = sourcecode.c.objc; path = BallCountChartViewController.m; sourceTree = "<group>"; };
/* End PBXFileReference section */

/* Begin PBXFrameworksBuildPhase section */
		F8D418C51425E62500F0AA4D /* Frameworks */ = {
			isa = PBXFrameworksBuildPhase;
			buildActionMask = 2147483647;
			files = (
				F8FF78901425ECCD00669917 /* CoreMotion.framework in Frameworks */,
				F8D4192B1425E6D600F0AA4D /* QuartzCore.framework in Frameworks */,
				F8D418CD1425E62500F0AA4D /* UIKit.framework in Frameworks */,
				F8D418CF1425E62500F0AA4D /* Foundation.framework in Frameworks */,
				F8D418D11425E62500F0AA4D /* CoreGraphics.framework in Frameworks */,
			);
			runOnlyForDeploymentPostprocessing = 0;
		};
/* End PBXFrameworksBuildPhase section */

/* Begin PBXGroup section */
		F8D418BD1425E62500F0AA4D = {
			isa = PBXGroup;
			children = (
				F8D418F11425E6B800F0AA4D /* Chipmunk-iOS-framework */,
				F8D418D21425E62500F0AA4D /* AcornChartsDemo */,
				F8D418CB1425E62500F0AA4D /* Frameworks */,
				F8D418C91425E62500F0AA4D /* Products */,
			);
			sourceTree = "<group>";
		};
		F8D418C91425E62500F0AA4D /* Products */ = {
			isa = PBXGroup;
			children = (
				F8D418C81425E62500F0AA4D /* AcornChartsDemo.app */,
			);
			name = Products;
			sourceTree = "<group>";
		};
		F8D418CB1425E62500F0AA4D /* Frameworks */ = {
			isa = PBXGroup;
			children = (
				F8FF788F1425ECCD00669917 /* CoreMotion.framework */,
				F8D4192A1425E6D600F0AA4D /* QuartzCore.framework */,
				F8D418CC1425E62500F0AA4D /* UIKit.framework */,
				F8D418CE1425E62500F0AA4D /* Foundation.framework */,
				F8D418D01425E62500F0AA4D /* CoreGraphics.framework */,
			);
			name = Frameworks;
			sourceTree = "<group>";
		};
		F8D418D21425E62500F0AA4D /* AcornChartsDemo */ = {
			isa = PBXGroup;
			children = (
				F8D418DB1425E62500F0AA4D /* AcornChartsDemoAppDelegate.h */,
				F8D418DC1425E62500F0AA4D /* AcornChartsDemoAppDelegate.m */,
				F8FF78911425EDDA00669917 /* Demo */,
				F8FF78871425EA1D00669917 /* AcornCharts-src */,
				F8D418DE1425E62500F0AA4D /* iPhone */,
				F8D418E51425E62500F0AA4D /* iPad */,
				F8D418D31425E62500F0AA4D /* Supporting Files */,
			);
			path = AcornChartsDemo;
			sourceTree = "<group>";
		};
		F8D418D31425E62500F0AA4D /* Supporting Files */ = {
			isa = PBXGroup;
			children = (
				F8FF78981425EF0600669917 /* fonts */,
				F8D418D41425E62500F0AA4D /* AcornChartsDemo-Info.plist */,
				F8D418D51425E62500F0AA4D /* InfoPlist.strings */,
				F8D418D81425E62500F0AA4D /* main.m */,
				F8D418DA1425E62500F0AA4D /* AcornChartsDemo-Prefix.pch */,
			);
			name = "Supporting Files";
			sourceTree = "<group>";
		};
		F8D418DE1425E62500F0AA4D /* iPhone */ = {
			isa = PBXGroup;
			children = (
				F8D418DF1425E62500F0AA4D /* AcornChartsDemoAppDelegate_iPhone.h */,
				F8D418E01425E62500F0AA4D /* AcornChartsDemoAppDelegate_iPhone.m */,
				F8D418E21425E62500F0AA4D /* MainWindow_iPhone.xib */,
			);
			name = iPhone;
			sourceTree = "<group>";
		};
		F8D418E51425E62500F0AA4D /* iPad */ = {
			isa = PBXGroup;
			children = (
				F8D418E61425E62500F0AA4D /* AcornChartsDemoAppDelegate_iPad.h */,
				F8D418E71425E62500F0AA4D /* AcornChartsDemoAppDelegate_iPad.m */,
				F8D418E91425E62500F0AA4D /* MainWindow_iPad.xib */,
			);
			name = iPad;
			sourceTree = "<group>";
		};
		F8D418F11425E6B800F0AA4D /* Chipmunk-iOS-framework */ = {
			isa = PBXGroup;
			children = (
				F8F404E01425E7D7008FB30F /* include */,
				F8D418F21425E6B800F0AA4D /* chipmunk.c */,
				F8D418F31425E6B800F0AA4D /* CMakeLists.txt */,
				F8D418F41425E6B800F0AA4D /* constraints */,
				F8D419001425E6B800F0AA4D /* cpArbiter.c */,
				F8D419011425E6B800F0AA4D /* cpArray.c */,
				F8D419021425E6B800F0AA4D /* cpBB.c */,
				F8D419031425E6B800F0AA4D /* cpBody.c */,
				F8D419041425E6B800F0AA4D /* cpCollision.c */,
				F8D419051425E6B800F0AA4D /* cpHashSet.c */,
				F8D419061425E6B800F0AA4D /* cpPolyShape.c */,
				F8D419071425E6B800F0AA4D /* cpShape.c */,
				F8D419081425E6B800F0AA4D /* cpSpace.c */,
				F8D419091425E6B800F0AA4D /* cpSpaceComponent.c */,
				F8D4190A1425E6B800F0AA4D /* cpSpaceHash.c */,
				F8D4190B1425E6B800F0AA4D /* cpSpaceQuery.c */,
				F8D4190C1425E6B800F0AA4D /* cpSpaceStep.c */,
				F8D4190D1425E6B800F0AA4D /* cpVect.c */,
				F8D4190E1425E6B800F0AA4D /* prime.h */,
			);
			name = "Chipmunk-iOS-framework";
			path = "AcornChartsDemo/Chipmunk-iOS-framework/src";
			sourceTree = "<group>";
		};
		F8D418F41425E6B800F0AA4D /* constraints */ = {
			isa = PBXGroup;
			children = (
				F8D418F51425E6B800F0AA4D /* cpConstraint.c */,
				F8D418F61425E6B800F0AA4D /* cpDampedRotarySpring.c */,
				F8D418F71425E6B800F0AA4D /* cpDampedSpring.c */,
				F8D418F81425E6B800F0AA4D /* cpGearJoint.c */,
				F8D418F91425E6B800F0AA4D /* cpGrooveJoint.c */,
				F8D418FA1425E6B800F0AA4D /* cpPinJoint.c */,
				F8D418FB1425E6B800F0AA4D /* cpPivotJoint.c */,
				F8D418FC1425E6B800F0AA4D /* cpRatchetJoint.c */,
				F8D418FD1425E6B800F0AA4D /* cpRotaryLimitJoint.c */,
				F8D418FE1425E6B800F0AA4D /* cpSimpleMotor.c */,
				F8D418FF1425E6B800F0AA4D /* cpSlideJoint.c */,
			);
			path = constraints;
			sourceTree = "<group>";
		};
		F8F404E01425E7D7008FB30F /* include */ = {
			isa = PBXGroup;
			children = (
				F8F404E11425E7D7008FB30F /* chipmunk */,
			);
			name = include;
			path = "AcornChartsDemo/Chipmunk-iOS-framework/include";
			sourceTree = SOURCE_ROOT;
		};
		F8F404E11425E7D7008FB30F /* chipmunk */ = {
			isa = PBXGroup;
			children = (
				F8F404E21425E7D7008FB30F /* chipmunk.h */,
				F8F404E31425E7D7008FB30F /* chipmunk_ffi.h */,
				F8F404E41425E7D7008FB30F /* chipmunk_private.h */,
				F8F404E51425E7D7008FB30F /* chipmunk_types.h */,
				F8F404E61425E7D7008FB30F /* chipmunk_unsafe.h */,
				F8F404E71425E7D7008FB30F /* constraints */,
				F8F404F41425E7D7008FB30F /* cpArbiter.h */,
				F8F404F51425E7D7008FB30F /* cpArray.h */,
				F8F404F61425E7D7008FB30F /* cpBB.h */,
				F8F404F71425E7D7008FB30F /* cpBody.h */,
				F8F404F81425E7D7008FB30F /* cpCollision.h */,
				F8F404F91425E7D7008FB30F /* cpHashSet.h */,
				F8F404FA1425E7D7008FB30F /* cpPolyShape.h */,
				F8F404FB1425E7D7008FB30F /* cpShape.h */,
				F8F404FC1425E7D7008FB30F /* cpSpace.h */,
				F8F404FD1425E7D7008FB30F /* cpSpaceHash.h */,
				F8F404FE1425E7D7008FB30F /* cpVect.h */,
			);
			path = chipmunk;
			sourceTree = "<group>";
		};
		F8F404E71425E7D7008FB30F /* constraints */ = {
			isa = PBXGroup;
			children = (
				F8F404E81425E7D7008FB30F /* cpConstraint.h */,
				F8F404E91425E7D7008FB30F /* cpDampedRotarySpring.h */,
				F8F404EA1425E7D7008FB30F /* cpDampedSpring.h */,
				F8F404EB1425E7D7008FB30F /* cpGearJoint.h */,
				F8F404EC1425E7D7008FB30F /* cpGrooveJoint.h */,
				F8F404ED1425E7D7008FB30F /* cpPinJoint.h */,
				F8F404EE1425E7D7008FB30F /* cpPivotJoint.h */,
				F8F404EF1425E7D7008FB30F /* cpRatchetJoint.h */,
				F8F404F01425E7D7008FB30F /* cpRotaryLimitJoint.h */,
				F8F404F11425E7D7008FB30F /* cpSimpleMotor.h */,
				F8F404F21425E7D7008FB30F /* cpSlideJoint.h */,
				F8F404F31425E7D7008FB30F /* util.h */,
			);
			path = constraints;
			sourceTree = "<group>";
		};
		F8FF78871425EA1D00669917 /* AcornCharts-src */ = {
			isa = PBXGroup;
			children = (
				F8FF78881425EA9A00669917 /* AcornBaseView.h */,
				F8FF78891425EA9A00669917 /* AcornBaseView.m */,
				F8FF78A71425EF6200669917 /* AcornBallSizeChartView.h */,
				F8FF78A81425EF6200669917 /* AcornBallSizeChartView.m */,
				F8FF78AA1425F25000669917 /* AcornBallCountChartView.h */,
				F8FF78AB1425F25000669917 /* AcornBallCountChartView.m */,
			);
			name = "AcornCharts-src";
			path = "../../AcornCharts-src";
			sourceTree = "<group>";
		};
		F8FF78911425EDDA00669917 /* Demo */ = {
			isa = PBXGroup;
			children = (
				F8FF78921425EDDA00669917 /* ChartListViewController.h */,
				F8FF78931425EDDA00669917 /* ChartListViewController.m */,
				F8FF78951425EDF900669917 /* BallSizeChartViewController.h */,
				F8FF78961425EDF900669917 /* BallSizeChartViewController.m */,
				F8FF78AD1425F2AD00669917 /* BallCountChartViewController.h */,
				F8FF78AE1425F2AD00669917 /* BallCountChartViewController.m */,
			);
			path = Demo;
			sourceTree = "<group>";
		};
		F8FF78981425EF0600669917 /* fonts */ = {
			isa = PBXGroup;
			children = (
				F8FF78991425EF0600669917 /* Helvetica.dfont */,
				F8FF789A1425EF0600669917 /* HelveticaCY.dfont */,
				F8FF789B1425EF0600669917 /* HelveticaNeue.dfont */,
				F8FF789C1425EF0600669917 /* HelveticaNeue.ttc */,
				F8FF789D1425EF0600669917 /* League Gothic */,
				F8FF789E1425EF0600669917 /* League Gothic.otf */,
				F8FF789F1425EF0600669917 /* LeaguGot */,
			);
			name = fonts;
			path = Demo/fonts;
			sourceTree = "<group>";
		};
/* End PBXGroup section */

/* Begin PBXNativeTarget section */
		F8D418C71425E62500F0AA4D /* AcornChartsDemo */ = {
			isa = PBXNativeTarget;
			buildConfigurationList = F8D418EE1425E62500F0AA4D /* Build configuration list for PBXNativeTarget "AcornChartsDemo" */;
			buildPhases = (
				F8D418C41425E62500F0AA4D /* Sources */,
				F8D418C51425E62500F0AA4D /* Frameworks */,
				F8D418C61425E62500F0AA4D /* Resources */,
			);
			buildRules = (
			);
			dependencies = (
			);
			name = AcornChartsDemo;
			productName = AcornChartsDemo;
			productReference = F8D418C81425E62500F0AA4D /* AcornChartsDemo.app */;
			productType = "com.apple.product-type.application";
		};
/* End PBXNativeTarget section */

/* Begin PBXProject section */
		F8D418BF1425E62500F0AA4D /* Project object */ = {
			isa = PBXProject;
			attributes = {
				LastUpgradeCheck = 0420;
				ORGANIZATIONNAME = "BuUuK Pte Ltd";
			};
			buildConfigurationList = F8D418C21425E62500F0AA4D /* Build configuration list for PBXProject "AcornChartsDemo" */;
			compatibilityVersion = "Xcode 3.2";
			developmentRegion = English;
			hasScannedForEncodings = 0;
			knownRegions = (
				en,
			);
			mainGroup = F8D418BD1425E62500F0AA4D;
			productRefGroup = F8D418C91425E62500F0AA4D /* Products */;
			projectDirPath = "";
			projectRoot = "";
			targets = (
				F8D418C71425E62500F0AA4D /* AcornChartsDemo */,
			);
		};
/* End PBXProject section */

/* Begin PBXResourcesBuildPhase section */
		F8D418C61425E62500F0AA4D /* Resources */ = {
			isa = PBXResourcesBuildPhase;
			buildActionMask = 2147483647;
			files = (
				F8D418D71425E62500F0AA4D /* InfoPlist.strings in Resources */,
				F8D418E41425E62500F0AA4D /* MainWindow_iPhone.xib in Resources */,
				F8D418EB1425E62500F0AA4D /* MainWindow_iPad.xib in Resources */,
				F8D419101425E6B800F0AA4D /* CMakeLists.txt in Resources */,
				F8FF78A01425EF0600669917 /* Helvetica.dfont in Resources */,
				F8FF78A11425EF0600669917 /* HelveticaCY.dfont in Resources */,
				F8FF78A21425EF0600669917 /* HelveticaNeue.dfont in Resources */,
				F8FF78A31425EF0600669917 /* HelveticaNeue.ttc in Resources */,
				F8FF78A41425EF0600669917 /* League Gothic in Resources */,
				F8FF78A51425EF0600669917 /* League Gothic.otf in Resources */,
				F8FF78A61425EF0600669917 /* LeaguGot in Resources */,
			);
			runOnlyForDeploymentPostprocessing = 0;
		};
/* End PBXResourcesBuildPhase section */

/* Begin PBXSourcesBuildPhase section */
		F8D418C41425E62500F0AA4D /* Sources */ = {
			isa = PBXSourcesBuildPhase;
			buildActionMask = 2147483647;
			files = (
				F8D418D91425E62500F0AA4D /* main.m in Sources */,
				F8D418DD1425E62500F0AA4D /* AcornChartsDemoAppDelegate.m in Sources */,
				F8D418E11425E62500F0AA4D /* AcornChartsDemoAppDelegate_iPhone.m in Sources */,
				F8D418E81425E62500F0AA4D /* AcornChartsDemoAppDelegate_iPad.m in Sources */,
				F8D4190F1425E6B800F0AA4D /* chipmunk.c in Sources */,
				F8D419111425E6B800F0AA4D /* cpConstraint.c in Sources */,
				F8D419121425E6B800F0AA4D /* cpDampedRotarySpring.c in Sources */,
				F8D419131425E6B800F0AA4D /* cpDampedSpring.c in Sources */,
				F8D419141425E6B800F0AA4D /* cpGearJoint.c in Sources */,
				F8D419151425E6B800F0AA4D /* cpGrooveJoint.c in Sources */,
				F8D419161425E6B800F0AA4D /* cpPinJoint.c in Sources */,
				F8D419171425E6B800F0AA4D /* cpPivotJoint.c in Sources */,
				F8D419181425E6B800F0AA4D /* cpRatchetJoint.c in Sources */,
				F8D419191425E6B800F0AA4D /* cpRotaryLimitJoint.c in Sources */,
				F8D4191A1425E6B800F0AA4D /* cpSimpleMotor.c in Sources */,
				F8D4191B1425E6B800F0AA4D /* cpSlideJoint.c in Sources */,
				F8D4191C1425E6B800F0AA4D /* cpArbiter.c in Sources */,
				F8D4191D1425E6B800F0AA4D /* cpArray.c in Sources */,
				F8D4191E1425E6B800F0AA4D /* cpBB.c in Sources */,
				F8D4191F1425E6B800F0AA4D /* cpBody.c in Sources */,
				F8D419201425E6B800F0AA4D /* cpCollision.c in Sources */,
				F8D419211425E6B800F0AA4D /* cpHashSet.c in Sources */,
				F8D419221425E6B800F0AA4D /* cpPolyShape.c in Sources */,
				F8D419231425E6B800F0AA4D /* cpShape.c in Sources */,
				F8D419241425E6B800F0AA4D /* cpSpace.c in Sources */,
				F8D419251425E6B800F0AA4D /* cpSpaceComponent.c in Sources */,
				F8D419261425E6B800F0AA4D /* cpSpaceHash.c in Sources */,
				F8D419271425E6B800F0AA4D /* cpSpaceQuery.c in Sources */,
				F8D419281425E6B800F0AA4D /* cpSpaceStep.c in Sources */,
				F8D419291425E6B800F0AA4D /* cpVect.c in Sources */,
				F8FF788A1425EA9A00669917 /* AcornBaseView.m in Sources */,
				F8FF78941425EDDA00669917 /* ChartListViewController.m in Sources */,
				F8FF78971425EDF900669917 /* BallSizeChartViewController.m in Sources */,
				F8FF78A91425EF6200669917 /* AcornBallSizeChartView.m in Sources */,
				F8FF78AC1425F25000669917 /* AcornBallCountChartView.m in Sources */,
				F8FF78AF1425F2AD00669917 /* BallCountChartViewController.m in Sources */,
			);
			runOnlyForDeploymentPostprocessing = 0;
		};
/* End PBXSourcesBuildPhase section */

/* Begin PBXVariantGroup section */
		F8D418D51425E62500F0AA4D /* InfoPlist.strings */ = {
			isa = PBXVariantGroup;
			children = (
				F8D418D61425E62500F0AA4D /* en */,
			);
			name = InfoPlist.strings;
			sourceTree = "<group>";
		};
		F8D418E21425E62500F0AA4D /* MainWindow_iPhone.xib */ = {
			isa = PBXVariantGroup;
			children = (
				F8D418E31425E62500F0AA4D /* en */,
			);
			name = MainWindow_iPhone.xib;
			sourceTree = "<group>";
		};
		F8D418E91425E62500F0AA4D /* MainWindow_iPad.xib */ = {
			isa = PBXVariantGroup;
			children = (
				F8D418EA1425E62500F0AA4D /* en */,
			);
			name = MainWindow_iPad.xib;
			sourceTree = "<group>";
		};
/* End PBXVariantGroup section */

/* Begin XCBuildConfiguration section */
		F8D418EC1425E62500F0AA4D /* Debug */ = {
			isa = XCBuildConfiguration;
			buildSettings = {
				ALWAYS_SEARCH_USER_PATHS = NO;
				ARCHS = "$(ARCHS_STANDARD_32_BIT)";
				"CODE_SIGN_IDENTITY[sdk=iphoneos*]" = "iPhone Developer";
				COPY_PHASE_STRIP = NO;
				GCC_C_LANGUAGE_STANDARD = gnu99;
				GCC_DYNAMIC_NO_PIC = NO;
				GCC_OPTIMIZATION_LEVEL = 0;
				GCC_PREPROCESSOR_DEFINITIONS = (
					"DEBUG=1",
					"$(inherited)",
				);
				GCC_SYMBOLS_PRIVATE_EXTERN = NO;
				GCC_VERSION = com.apple.compilers.llvmgcc42;
				GCC_WARN_ABOUT_MISSING_PROTOTYPES = YES;
				GCC_WARN_ABOUT_RETURN_TYPE = YES;
				GCC_WARN_UNUSED_VARIABLE = YES;
				IPHONEOS_DEPLOYMENT_TARGET = 4.3;
				SDKROOT = iphoneos;
				TARGETED_DEVICE_FAMILY = "1,2";
			};
			name = Debug;
		};
		F8D418ED1425E62500F0AA4D /* Release */ = {
			isa = XCBuildConfiguration;
			buildSettings = {
				ALWAYS_SEARCH_USER_PATHS = NO;
				ARCHS = "$(ARCHS_STANDARD_32_BIT)";
				"CODE_SIGN_IDENTITY[sdk=iphoneos*]" = "iPhone Developer";
				COPY_PHASE_STRIP = YES;
				GCC_C_LANGUAGE_STANDARD = gnu99;
				GCC_VERSION = com.apple.compilers.llvmgcc42;
				GCC_WARN_ABOUT_MISSING_PROTOTYPES = YES;
				GCC_WARN_ABOUT_RETURN_TYPE = YES;
				GCC_WARN_UNUSED_VARIABLE = YES;
				IPHONEOS_DEPLOYMENT_TARGET = 4.3;
				OTHER_CFLAGS = "-DNS_BLOCK_ASSERTIONS=1";
				SDKROOT = iphoneos;
				TARGETED_DEVICE_FAMILY = "1,2";
				VALIDATE_PRODUCT = YES;
			};
			name = Release;
		};
		F8D418EF1425E62500F0AA4D /* Debug */ = {
			isa = XCBuildConfiguration;
			buildSettings = {
				GCC_PRECOMPILE_PREFIX_HEADER = YES;
				GCC_PREFIX_HEADER = "AcornChartsDemo/AcornChartsDemo-Prefix.pch";
				HEADER_SEARCH_PATHS = "AcornChartsDemo/Chipmunk-iOS-framework/include/chipmunk";
				INFOPLIST_FILE = "AcornChartsDemo/AcornChartsDemo-Info.plist";
				PRODUCT_NAME = "$(TARGET_NAME)";
				WRAPPER_EXTENSION = app;
			};
			name = Debug;
		};
		F8D418F01425E62500F0AA4D /* Release */ = {
			isa = XCBuildConfiguration;
			buildSettings = {
				GCC_PRECOMPILE_PREFIX_HEADER = YES;
				GCC_PREFIX_HEADER = "AcornChartsDemo/AcornChartsDemo-Prefix.pch";
				HEADER_SEARCH_PATHS = "AcornChartsDemo/Chipmunk-iOS-framework/include/chipmunk";
				INFOPLIST_FILE = "AcornChartsDemo/AcornChartsDemo-Info.plist";
				PRODUCT_NAME = "$(TARGET_NAME)";
				WRAPPER_EXTENSION = app;
			};
			name = Release;
		};
/* End XCBuildConfiguration section */

/* Begin XCConfigurationList section */
		F8D418C21425E62500F0AA4D /* Build configuration list for PBXProject "AcornChartsDemo" */ = {
			isa = XCConfigurationList;
			buildConfigurations = (
				F8D418EC1425E62500F0AA4D /* Debug */,
				F8D418ED1425E62500F0AA4D /* Release */,
			);
			defaultConfigurationIsVisible = 0;
			defaultConfigurationName = Release;
		};
		F8D418EE1425E62500F0AA4D /* Build configuration list for PBXNativeTarget "AcornChartsDemo" */ = {
			isa = XCConfigurationList;
			buildConfigurations = (
				F8D418EF1425E62500F0AA4D /* Debug */,
				F8D418F01425E62500F0AA4D /* Release */,
			);
			defaultConfigurationIsVisible = 0;
			defaultConfigurationName = Release;
		};
/* End XCConfigurationList section */
	};
	rootObject = F8D418BF1425E62500F0AA4D /* Project object */;
}
